{
    "_readme": [
        "This file locks the dependencies of your project to a known state",
        "Read more about it at https://getcomposer.org/doc/01-basic-usage.md#installing-dependencies",
        "This file is @generated automatically"
    ],
    "content-hash": "e32ee020eaae6d383530f96c6dfd78dd",
    "packages": [
        {
            "name": "isklad/myorder-cart-widget-middleware",
            "version": "dev-main",
            "source": {
                "type": "git",
                "url": "https://github.com/isklad/myorder-cart-widget-middleware.git",
                "reference": "8c9efa75cf032d3474b9af3b118278b13d948849"
            },
            "dist": {
                "type": "zip",
                "url": "https://api.github.com/repos/isklad/myorder-cart-widget-middleware/zipball/8c9efa75cf032d3474b9af3b118278b13d948849",
                "reference": "8c9efa75cf032d3474b9af3b118278b13d948849",
                "shasum": ""
            },
            "require": {
                "ext-curl": "*",
                "ext-json": "*",
                "php": ">=7.4"
            },
            "default-branch": true,
            "type": "library",
            "autoload": {
                "psr-4": {
                    "Isklad\\MyorderCartWidgetMiddleware\\": "src"
                }
            },
            "description": "Isklad Myorder cart widget middleware.",
            "support": {
                "source": "https://github.com/isklad/myorder-cart-widget-middleware/tree/main",
                "issues": "https://github.com/isklad/myorder-cart-widget-middleware/issues"
            },
            "time": "2024-11-12T09:18:10+00:00"
        }
    ],
    "packages-dev": [],
    "aliases": [],
    "minimum-stability": "stable",
    "stability-flags": {
        "isklad/myorder-cart-widget-middleware": 20
    },
    "prefer-stable": false,
    "prefer-lowest": false,
    "platform": {
        "php": ">=7.4",
        "ext-json": "*",
        "ext-curl": "*"
    },
    "platform-dev": [],
    "plugin-api-version": "2.6.0"
}
